
Microsoft Visual Studio Solution File, Format Version 12.00
# Visual Studio Version 16
VisualStudioVersion = 16.0.30225.117
MinimumVisualStudioVersion = 10.0.40219.1
Project("{FAE04EC0-301F-11D3-BF4B-00C04F79EFBC}") = "NestedObjects", "NestedObjects\NestedObjects.csproj", "{AAC5E3EA-CAE9-4C9E-BBC8-A48805494A4A}"
EndProject
Global
	GlobalSection(SolutionConfigurationPlatforms) = preSolution
		Debug|Any CPU = Debug|Any CPU
		Release|Any CPU = Release|Any CPU
	EndGlobalSection
	GlobalSection(ProjectConfigurationPlatforms) = postSolution
		{AAC5E3EA-CAE9-4C9E-BBC8-A48805494A4A}.Debug|Any CPU.ActiveCfg = Debug|Any CPU
		{AAC5E3EA-CAE9-4C9E-BBC8-A48805494A4A}.Debug|Any CPU.Build.0 = Debug|Any CPU
		{AAC5E3EA-CAE9-4C9E-BBC8-A48805494A4A}.Release|Any CPU.ActiveCfg = Release|Any CPU
		{AAC5E3EA-CAE9-4C9E-BBC8-A48805494A4A}.Release|Any CPU.Build.0 = Release|Any CPU
	EndGlobalSection
	GlobalSection(SolutionProperties) = preSolution
		HideSolutionNode = FALSE
	EndGlobalSection
	GlobalSection(ExtensibilityGlobals) = postSolution
		SolutionGuid = {63BB2B6C-70CA-42D0-A486-DA7046D029AF}
	EndGlobalSection
EndGlobal
